{
  "name": "@capnajax/time-span",
  "version": "1.0.0",
  "lockfileVersion": 2,
  "requires": true,
  "packages": {
    "": {
      "name": "@capnajax/time-span",
      "version": "1.0.0",
      "license": "ISC",
      "devDependencies": {
        "test-battery": "^0.1.6"
      }
    },
    "node_modules/format": {
      "version": "0.2.2",
      "resolved": "https://registry.npmjs.org/format/-/format-0.2.2.tgz",
      "integrity": "sha1-1hcBB+nv3E7TDJ3DkBbflCtctYs=",
      "dev": true,
      "engines": {
        "node": ">=0.4.x"
      }
    },
    "node_modules/test-battery": {
      "version": "0.1.6",
      "resolved": "https://registry.npmjs.org/test-battery/-/test-battery-0.1.6.tgz",
      "integrity": "sha512-+46yLjAxfN5DxK17w8sw7SRfRm6u/Qhwe81a4UbNXrkHzU19b09o7csAUoBpqs0Hr4YxOr4M9DXqjA8ANlAZHg==",
      "dev": true,
      "dependencies": {
        "format": "^0.2.2"
      }
    }
  },
  "dependencies": {
    "format": {
      "version": "0.2.2",
      "resolved": "https://registry.npmjs.org/format/-/format-0.2.2.tgz",
      "integrity": "sha1-1hcBB+nv3E7TDJ3DkBbflCtctYs=",
      "dev": true
    },
    "test-battery": {
      "version": "0.1.6",
      "resolved": "https://registry.npmjs.org/test-battery/-/test-battery-0.1.6.tgz",
      "integrity": "sha512-+46yLjAxfN5DxK17w8sw7SRfRm6u/Qhwe81a4UbNXrkHzU19b09o7csAUoBpqs0Hr4YxOr4M9DXqjA8ANlAZHg==",
      "dev": true,
      "requires": {
        "format": "^0.2.2"
      }
    }
  }
}
